
Microsoft Visual Studio Solution File, Format Version 12.00
# Visual Studio Version 16
VisualStudioVersion = 16.0.808.4
MinimumVisualStudioVersion = 10.0.40219.1
Project("{FAE04EC0-301F-11D3-BF4B-00C04F79EFBC}") = "EventsAndDelegatesC", "EventsAndDelegatesC\EventsAndDelegatesC.csproj", "{04A740A2-E034-4E8D-BE2F-0DC3F51550D7}"
EndProject
Global
	GlobalSection(SolutionConfigurationPlatforms) = preSolution
		Debug|Any CPU = Debug|Any CPU
		Release|Any CPU = Release|Any CPU
	EndGlobalSection
	GlobalSection(ProjectConfigurationPlatforms) = postSolution
		{04A740A2-E034-4E8D-BE2F-0DC3F51550D7}.Debug|Any CPU.ActiveCfg = Debug|Any CPU
		{04A740A2-E034-4E8D-BE2F-0DC3F51550D7}.Debug|Any CPU.Build.0 = Debug|Any CPU
		{04A740A2-E034-4E8D-BE2F-0DC3F51550D7}.Release|Any CPU.ActiveCfg = Release|Any CPU
		{04A740A2-E034-4E8D-BE2F-0DC3F51550D7}.Release|Any CPU.Build.0 = Release|Any CPU
	EndGlobalSection
	GlobalSection(SolutionProperties) = preSolution
		HideSolutionNode = FALSE
	EndGlobalSection
	GlobalSection(ExtensibilityGlobals) = postSolution
		SolutionGuid = {7ECE9E28-30B5-453D-BBE5-B9DBA4B03372}
	EndGlobalSection
EndGlobal
